
Microsoft Visual Studio Solution File, Format Version 12.00
# Visual Studio Version 17
VisualStudioVersion = 17.14.36414.22 d17.14
MinimumVisualStudioVersion = 10.0.40219.1
Project("{8BC9CEB8-8B4A-11D0-8D11-00A0C91BC942}") = "Project_IA", "Project_IA\Project_IA.vcxproj", "{C5460A30-4161-4747-B7C7-C4FF75E0CAE3}"
EndProject
Global
	GlobalSection(SolutionConfigurationPlatforms) = preSolution
		Debug|x64 = Debug|x64
		Debug|x86 = Debug|x86
		Release|x64 = Release|x64
		Release|x86 = Release|x86
	EndGlobalSection
	GlobalSection(ProjectConfigurationPlatforms) = postSolution
		{C5460A30-4161-4747-B7C7-C4FF75E0CAE3}.Debug|x64.ActiveCfg = Debug|x64
		{C5460A30-4161-4747-B7C7-C4FF75E0CAE3}.Debug|x64.Build.0 = Debug|x64
		{C5460A30-4161-4747-B7C7-C4FF75E0CAE3}.Debug|x86.ActiveCfg = Debug|Win32
		{C5460A30-4161-4747-B7C7-C4FF75E0CAE3}.Debug|x86.Build.0 = Debug|Win32
		{C5460A30-4161-4747-B7C7-C4FF75E0CAE3}.Release|x64.ActiveCfg = Release|x64
		{C5460A30-4161-4747-B7C7-C4FF75E0CAE3}.Release|x64.Build.0 = Release|x64
		{C5460A30-4161-4747-B7C7-C4FF75E0CAE3}.Release|x86.ActiveCfg = Release|Win32
		{C5460A30-4161-4747-B7C7-C4FF75E0CAE3}.Release|x86.Build.0 = Release|Win32
	EndGlobalSection
	GlobalSection(SolutionProperties) = preSolution
		HideSolutionNode = FALSE
	EndGlobalSection
	GlobalSection(ExtensibilityGlobals) = postSolution
		SolutionGuid = {83232901-6491-45A8-9B76-3D3E7159CBB1}
	EndGlobalSection
EndGlobal
